# THIS IS AN AUTOGENERATED FILE. DO NOT EDIT THIS FILE DIRECTLY.
# yarn lockfile v1


"@rollup/plugin-alias@^3.1.9":
  version "3.1.9"
  resolved "https://registry.yarnpkg.com/@rollup/plugin-alias/-/plugin-alias-3.1.9.tgz#a5d267548fe48441f34be8323fb64d1d4a1b3fdf"
  integrity sha512-QI5fsEvm9bDzt32k39wpOwZhVzRcL5ydcffUHMyLVaVaLeC70I8TJZ17F1z1eMoLu4E/UOcH9BWVkKpIKdrfiw==
  dependencies:
    slash "^3.0.0"

"@rollup/plugin-commonjs@^22.0.0":
  version "22.0.0"
  resolved "https://registry.yarnpkg.com/@rollup/plugin-commonjs/-/plugin-commonjs-22.0.0.tgz#f4d87016e2fbf187a593ab9f46626fe05b59e8bd"
  integrity sha512-Ktvf2j+bAO+30awhbYoCaXpBcyPmJbaEUYClQns/+6SNCYFURbvBiNbWgHITEsIgDDWCDUclWRKEuf8cwZCFoQ==
  dependencies:
    "@rollup/pluginutils" "^3.1.0"
    commondir "^1.0.1"
    estree-walker "^2.0.1"
    glob "^7.1.6"
    is-reference "^1.2.1"
    magic-string "^0.25.7"
    resolve "^1.17.0"

"@rollup/plugin-json@^4.1.0":
  version "4.1.0"
  resolved "https://registry.yarnpkg.com/@rollup/plugin-json/-/plugin-json-4.1.0.tgz#54e09867ae6963c593844d8bd7a9c718294496f3"
  integrity sha512-yfLbTdNS6amI/2OpmbiBoW12vngr5NW2jCJVZSBEz+H5KfUJZ2M7sDjk0U6GOOdCWFVScShte29o9NezJ53TPw==
  dependencies:
    "@rollup/pluginutils" "^3.0.8"

"@rollup/plugin-node-resolve@^13.3.0":
  version "13.3.0"
  resolved "https://registry.yarnpkg.com/@rollup/plugin-node-resolve/-/plugin-node-resolve-13.3.0.tgz#da1c5c5ce8316cef96a2f823d111c1e4e498801c"
  integrity sha512-Lus8rbUo1eEcnS4yTFKLZrVumLPY+YayBdWXgFSHYhTT2iJbMhoaaBL3xl5NCdeRytErGr8tZ0L71BMRmnlwSw==
  dependencies:
    "@rollup/pluginutils" "^3.1.0"
    "@types/resolve" "1.17.1"
    deepmerge "^4.2.2"
    is-builtin-module "^3.1.0"
    is-module "^1.0.0"
    resolve "^1.19.0"

"@rollup/pluginutils@^3.0.8", "@rollup/pluginutils@^3.1.0":
  version "3.1.0"
  resolved "https://registry.yarnpkg.com/@rollup/pluginutils/-/pluginutils-3.1.0.tgz#706b4524ee6dc8b103b3c995533e5ad680c02b9b"
  integrity sha512-GksZ6pr6TpIjHm8h9lSQ8pi8BE9VeubNT0OMJ3B5uZJ8pz73NPiqOtCog/x2/QzM1ENChPKxMDhiQuRHsqc+lg==
  dependencies:
    "@types/estree" "0.0.39"
    estree-walker "^1.0.1"
    picomatch "^2.2.2"

"@rollup/pluginutils@^4.1.2", "@rollup/pluginutils@^4.2.1":
  version "4.2.1"
  resolved "https://registry.yarnpkg.com/@rollup/pluginutils/-/pluginutils-4.2.1.tgz#e6c6c3aba0744edce3fb2074922d3776c0af2a6d"
  integrity sha512-iKnFXr7NkdZAIHiIWE+BX5ULi/ucVFYWD6TbAV+rZctiRTY2PL6tsIKhoIOaoskiWAkgu+VsbXgUVDNLHf+InQ==
  dependencies:
    estree-walker "^2.0.1"
    picomatch "^2.2.2"

"@swc/core-android-arm-eabi@1.2.185":
  version "1.2.185"
  resolved "https://registry.yarnpkg.com/@swc/core-android-arm-eabi/-/core-android-arm-eabi-1.2.185.tgz#6fca8a364428c3ff17fd960176a8c5a1047748c4"
  integrity sha512-/ZTj5yaPkPC0UwggYN+y4d2DNZJI+b1y1gi4twrQJz997OMU032Hi9/59VxHFzHNxlzhIuCJYcbxOxi1Aqk2bA==

"@swc/core-android-arm64@1.2.185":
  version "1.2.185"
  resolved "https://registry.yarnpkg.com/@swc/core-android-arm64/-/core-android-arm64-1.2.185.tgz#592fa96fb17036d920f57c8f36c859acf1dacb53"
  integrity sha512-TgidzM+7H0YTIABu2ILI8MRDiIzcFULz5vIUWbhLwypPH9vJCFcDnAv5rBpg/4KBMzuSI6BNNBIcf/8Wc9e0HA==

"@swc/core-darwin-arm64@1.2.185":
  version "1.2.185"
  resolved "https://registry.yarnpkg.com/@swc/core-darwin-arm64/-/core-darwin-arm64-1.2.185.tgz#5dfbb3425ddf479c8875a3737e1de5b127e335b2"
  integrity sha512-segMc9FVYz+M5KzpPJR+M20Mmeq4ZQw4gi6rt0HXNpSPykm+oe/wb1CZbMk/9SpMaevpXOOZa0HHBM2ue+WhVA==

"@swc/core-darwin-x64@1.2.185":
  version "1.2.185"
  resolved "https://registry.yarnpkg.com/@swc/core-darwin-x64/-/core-darwin-x64-1.2.185.tgz#e97ed012ff08fb39dcc51fc07233f4425fa89408"
  integrity sha512-PL1Xq6R5zpBbYZsWJU0xK2/WQlhag/Kiq1eZd6ftSLaxn0q00wdSGPpzOqK5FTYAqi+5R1CWM/kCOHFoSlYDfg==

"@swc/core-freebsd-x64@1.2.185":
  version "1.2.185"
  resolved "https://registry.yarnpkg.com/@swc/core-freebsd-x64/-/core-freebsd-x64-1.2.185.tgz#ba12147270c754c47eee9a99f08de75172ae4bb1"
  integrity sha512-scaFxGfV7RhJrrCGzouwFe1XOzJvY/WjYWysHuD+slSdn3pjSnxXtX2Q9jPIYF0bmIcbTp4D6V8VITLhmfkzEA==

"@swc/core-linux-arm-gnueabihf@1.2.185":
  version "1.2.185"
  resolved "https://registry.yarnpkg.com/@swc/core-linux-arm-gnueabihf/-/core-linux-arm-gnueabihf-1.2.185.tgz#4bd8ff733e06c8ea0dc916208f8fdeb907f25256"
  integrity sha512-WQ84BVGF0al3ynWBeXuEpO7y6h8Bh4AXr+Ys2YaEgyZtAZ6zWUi3Ca4ktFWwpACSm0XUUB3lhlapUcqXJE8lZg==

"@swc/core-linux-arm64-gnu@1.2.185":
  version "1.2.185"
  resolved "https://registry.yarnpkg.com/@swc/core-linux-arm64-gnu/-/core-linux-arm64-gnu-1.2.185.tgz#8abe168271f4ba6767da87fb4386ccea388fc324"
  integrity sha512-INrmHqV5ti0ROS9FeGXPF5ZcIAWZ9Sp+Xbn5isWZ9owqT0c2CU4f9+w+OzNMMDKVFe2ARvlH/D927mLIgwqDmQ==

"@swc/core-linux-arm64-musl@1.2.185":
  version "1.2.185"
  resolved "https://registry.yarnpkg.com/@swc/core-linux-arm64-musl/-/core-linux-arm64-musl-1.2.185.tgz#2352673452ac2553d45181d53351cb00d378d848"
  integrity sha512-OEwVBlypM7SOZqpa82hIh9jeiu/eSXG+J+R0vekcWz7EkW5zb504uyGPeZJKMqX23I5GZtBpk96UUbhnNCaYUg==

"@swc/core-linux-x64-gnu@1.2.185":
  version "1.2.185"
  resolved "https://registry.yarnpkg.com/@swc/core-linux-x64-gnu/-/core-linux-x64-gnu-1.2.185.tgz#058444fa372374f2f7f2f2d09c03085f928c8f12"
  integrity sha512-H8LnCdViP7JsFlDE02w5czlKQWnAAM9ZN3oZnvAuTod2gJBjTJ4eZ3h9d+EQdcszw7Csh+IwXbmPz0mPwaR0vQ==

"@swc/core-linux-x64-musl@1.2.185":
  version "1.2.185"
  resolved "https://registry.yarnpkg.com/@swc/core-linux-x64-musl/-/core-linux-x64-musl-1.2.185.tgz#a8f473965e87acb03057d6b4790f86857e5ce4ea"
  integrity sha512-DRHmhjCsA2FloF+6/HMxJ8bkdfddAY/wqnpuW/l3CPUyL3VMDmvSiZICN8f/J8LKpGfDV2FdczztmbGi14jO+g==

"@swc/core-win32-arm64-msvc@1.2.185":
  version "1.2.185"
  resolved "https://registry.yarnpkg.com/@swc/core-win32-arm64-msvc/-/core-win32-arm64-msvc-1.2.185.tgz#d8fc5bf11e67664d54a84ad37d9ac7d69df1a317"
  integrity sha512-0BmuvU+Lfz5n1/ihh30UF2Viu9JJn3S3YC9QD9BfF80ueEl8KT4JihhJGuEG3XuZk5+35o2oZiCRkn6NKI/qpA==

"@swc/core-win32-ia32-msvc@1.2.185":
  version "1.2.185"
  resolved "https://registry.yarnpkg.com/@swc/core-win32-ia32-msvc/-/core-win32-ia32-msvc-1.2.185.tgz#cbd3a4ad67bf40754143fafc87baed6021e9a780"
  integrity sha512-yRNa/frm5MeXJMpj6V6uQy5a0yfO9q6ZOQ4L+439UH8vBcgIZYOG07bJGvxeUjaKkkrhfzEu5Q8fdXTzPgGeAA==

"@swc/core-win32-x64-msvc@1.2.185":
  version "1.2.185"
  resolved "https://registry.yarnpkg.com/@swc/core-win32-x64-msvc/-/core-win32-x64-msvc-1.2.185.tgz#f2459a88783ed95257229e41034fd913b487c5b4"
  integrity sha512-nLF0AKADjeR3Rr05lWoKOeDbGBFpmbFnGkpLJK9EAwAIQUC9lDRYIps5yinPZsgqBwa0RCUsxzS3PjbWEY18bg==

"@swc/core@^1.2.185":
  version "1.2.185"
  resolved "https://registry.yarnpkg.com/@swc/core/-/core-1.2.185.tgz#26cdc7f9417fd2f04fde7f97d0b217aaa1bc8d3b"
  integrity sha512-dDNzDrJ4bzMVWeFWqLJojjv5XZJZ84Zia7kQdJjp+kfOMdEhS+onrAwrk5Q88PlAvbrhY6kQbWD2LZ8JdyEaSQ==
  optionalDependencies:
    "@swc/core-android-arm-eabi" "1.2.185"
    "@swc/core-android-arm64" "1.2.185"
    "@swc/core-darwin-arm64" "1.2.185"
    "@swc/core-darwin-x64" "1.2.185"
    "@swc/core-freebsd-x64" "1.2.185"
    "@swc/core-linux-arm-gnueabihf" "1.2.185"
    "@swc/core-linux-arm64-gnu" "1.2.185"
    "@swc/core-linux-arm64-musl" "1.2.185"
    "@swc/core-linux-x64-gnu" "1.2.185"
    "@swc/core-linux-x64-musl" "1.2.185"
    "@swc/core-win32-arm64-msvc" "1.2.185"
    "@swc/core-win32-ia32-msvc" "1.2.185"
    "@swc/core-win32-x64-msvc" "1.2.185"

"@types/estree@*":
  version "0.0.51"
  resolved "https://registry.yarnpkg.com/@types/estree/-/estree-0.0.51.tgz#cfd70924a25a3fd32b218e5e420e6897e1ac4f40"
  integrity sha512-CuPgU6f3eT/XgKKPqKd/gLZV1Xmvf1a2R5POBOGQa6uv82xpls89HU5zKeVoyR8XzHd1RGNOlQlvUe3CFkjWNQ==

"@types/estree@0.0.39":
  version "0.0.39"
  resolved "https://registry.yarnpkg.com/@types/estree/-/estree-0.0.39.tgz#e177e699ee1b8c22d23174caaa7422644389509f"
  integrity sha512-EYNwp3bU+98cpU4lAWYYL7Zz+2gryWH1qbdDTidVd6hkiR6weksdbMadyXKXNPEkQFhXM+hVO9ZygomHXp+AIw==

"@types/node@*":
  version "17.0.33"
  resolved "https://registry.yarnpkg.com/@types/node/-/node-17.0.33.tgz#3c1879b276dc63e73030bb91165e62a4509cd506"
  integrity sha512-miWq2m2FiQZmaHfdZNcbpp9PuXg34W5JZ5CrJ/BaS70VuhoJENBEQybeiYSaPBRNq6KQGnjfEnc/F3PN++D+XQ==

"@types/resolve@1.17.1":
  version "1.17.1"
  resolved "https://registry.yarnpkg.com/@types/resolve/-/resolve-1.17.1.tgz#3afd6ad8967c77e4376c598a82ddd58f46ec45d6"
  integrity sha512-yy7HuzQhj0dhGpD8RLXSZWEkLsV9ibvxvi6EiJ3bkqLAO1RGo0WbkWQiwpRlSFymTJRz0d3k5LM3kkx8ArDbLw==
  dependencies:
    "@types/node" "*"

balanced-match@^1.0.0:
  version "1.0.2"
  resolved "https://registry.yarnpkg.com/balanced-match/-/balanced-match-1.0.2.tgz#e83e3a7e3f300b34cb9d87f615fa0cbf357690ee"
  integrity sha512-3oSeUO0TMV67hN1AmbXsK4yaqU7tjiHlbxRDZOpH0KW9+CeX4bRAaX0Anxt0tx2MrpRpWwQaPwIlISEJhYU5Pw==

brace-expansion@^1.1.7:
  version "1.1.11"
  resolved "https://registry.yarnpkg.com/brace-expansion/-/brace-expansion-1.1.11.tgz#3c7fcbf529d87226f3d2f52b966ff5271eb441dd"
  integrity sha512-iCuPHDFgrHX7H2vEI/5xpz07zSHB00TpugqhmYtVmMO6518mCuRMoOYFldEBl0g187ufozdaHgWKcYFb61qGiA==
  dependencies:
    balanced-match "^1.0.0"
    concat-map "0.0.1"

brace-expansion@^2.0.1:
  version "2.0.1"
  resolved "https://registry.yarnpkg.com/brace-expansion/-/brace-expansion-2.0.1.tgz#1edc459e0f0c548486ecf9fc99f2221364b9a0ae"
  integrity sha512-XnAIvQ8eM+kC6aULx6wuQiwVsnzsi9d3WxzV3FpWTGA19F621kwdbsAcFKXgKUHZWsy+mY6iL1sHTxWEFCytDA==
  dependencies:
    balanced-match "^1.0.0"

builtin-modules@^3.0.0:
  version "3.3.0"
  resolved "https://registry.yarnpkg.com/builtin-modules/-/builtin-modules-3.3.0.tgz#cae62812b89801e9656336e46223e030386be7b6"
  integrity sha512-zhaCDicdLuWN5UbN5IMnFqNMhNfo919sH85y2/ea+5Yg9TsTkeZxpL+JLbp6cgYFS4sRLp3YV4S6yDuqVWHYOw==

commondir@^1.0.1:
  version "1.0.1"
  resolved "https://registry.yarnpkg.com/commondir/-/commondir-1.0.1.tgz#ddd800da0c66127393cca5950ea968a3aaf1253b"
  integrity sha1-3dgA2gxmEnOTzKWVDqloo6rxJTs=

concat-map@0.0.1:
  version "0.0.1"
  resolved "https://registry.yarnpkg.com/concat-map/-/concat-map-0.0.1.tgz#d8a96bd77fd68df7793a73036a3ba0d5405d477b"
  integrity sha1-2Klr13/Wjfd5OnMDajug1UBdR3s=

deepmerge@^4.2.2:
  version "4.2.2"
  resolved "https://registry.yarnpkg.com/deepmerge/-/deepmerge-4.2.2.tgz#44d2ea3679b8f4d4ffba33f03d865fc1e7bf4955"
  integrity sha512-FJ3UgI4gIl+PHZm53knsuSFpE+nESMr7M4v9QcgB7S63Kj/6WqMiFQJpBBYz1Pt+66bZpP3Q7Lye0Oo9MPKEdg==

estree-walker@^1.0.1:
  version "1.0.1"
  resolved "https://registry.yarnpkg.com/estree-walker/-/estree-walker-1.0.1.tgz#31bc5d612c96b704106b477e6dd5d8aa138cb700"
  integrity sha512-1fMXF3YP4pZZVozF8j/ZLfvnR8NSIljt56UhbZ5PeeDmmGHpgpdwQt7ITlGvYaQukCvuBRMLEiKiYC+oeIg4cg==

estree-walker@^2.0.1:
  version "2.0.2"
  resolved "https://registry.yarnpkg.com/estree-walker/-/estree-walker-2.0.2.tgz#52f010178c2a4c117a7757cfe942adb7d2da4cac"
  integrity sha512-Rfkk/Mp/DL7JVje3u18FxFujQlTNR2q6QfMSMB7AvCBx91NGj/ba3kCfza0f6dVDbw7YlRf/nDrn7pQrCCyQ/w==

fs.realpath@^1.0.0:
  version "1.0.0"
  resolved "https://registry.yarnpkg.com/fs.realpath/-/fs.realpath-1.0.0.tgz#1504ad2523158caa40db4a2787cb01411994ea4f"
  integrity sha1-FQStJSMVjKpA20onh8sBQRmU6k8=

fsevents@~2.3.2:
  version "2.3.2"
  resolved "https://registry.yarnpkg.com/fsevents/-/fsevents-2.3.2.tgz#8a526f78b8fdf4623b709e0b975c52c24c02fd1a"
  integrity sha512-xiqMQR4xAeHTuB9uWm+fFRcIOgKBMiOBP+eXiyT7jsgVCq1bkVygt00oASowB7EdtpOHaaPgKt812P9ab+DDKA==

function-bind@^1.1.1:
  version "1.1.1"
  resolved "https://registry.yarnpkg.com/function-bind/-/function-bind-1.1.1.tgz#a56899d3ea3c9bab874bb9773b7c5ede92f4895d"
  integrity sha512-yIovAzMX49sF8Yl58fSCWJ5svSLuaibPxXQJFLmBObTuCr0Mf1KiPopGM9NiFjiYBCbfaa2Fh6breQ6ANVTI0A==

glob@^7.1.6, glob@^7.2.0:
  version "7.2.3"
  resolved "https://registry.yarnpkg.com/glob/-/glob-7.2.3.tgz#b8df0fb802bbfa8e89bd1d938b4e16578ed44f2b"
  integrity sha512-nFR0zLpU2YCaRxwoCJvL6UvCH2JFyFVIvwTLsIf21AuHlMskA1hhTdk+LlYJtOlYt9v6dvszD2BGRqBL+iQK9Q==
  dependencies:
    fs.realpath "^1.0.0"
    inflight "^1.0.4"
    inherits "2"
    minimatch "^3.1.1"
    once "^1.3.0"
    path-is-absolute "^1.0.0"

has@^1.0.3:
  version "1.0.3"
  resolved "https://registry.yarnpkg.com/has/-/has-1.0.3.tgz#722d7cbfc1f6aa8241f16dd814e011e1f41e8796"
  integrity sha512-f2dvO0VU6Oej7RkWJGrehjbzMAjFp5/VKPp5tTpWIV4JHHZK1/BxbFRtf/siA2SWTe09caDmVtYYzWEIbBS4zw==
  dependencies:
    function-bind "^1.1.1"

inflight@^1.0.4:
  version "1.0.6"
  resolved "https://registry.yarnpkg.com/inflight/-/inflight-1.0.6.tgz#49bd6331d7d02d0c09bc910a1075ba8165b56df9"
  integrity sha1-Sb1jMdfQLQwJvJEKEHW6gWW1bfk=
  dependencies:
    once "^1.3.0"
    wrappy "1"

inherits@2:
  version "2.0.4"
  resolved "https://registry.yarnpkg.com/inherits/-/inherits-2.0.4.tgz#0fa2c64f932917c3433a0ded55363aae37416b7c"
  integrity sha512-k/vGaX4/Yla3WzyMCvTQOXYeIHvqOKtnqBduzTHpzpQZzAskKMhZ2K+EnBiSM9zGSoIFeMpXKxa4dYeZIQqewQ==

is-builtin-module@^3.1.0:
  version "3.1.0"
  resolved "https://registry.yarnpkg.com/is-builtin-module/-/is-builtin-module-3.1.0.tgz#6fdb24313b1c03b75f8b9711c0feb8c30b903b00"
  integrity sha512-OV7JjAgOTfAFJmHZLvpSTb4qi0nIILDV1gWPYDnDJUTNFM5aGlRAhk4QcT8i7TuAleeEV5Fdkqn3t4mS+Q11fg==
  dependencies:
    builtin-modules "^3.0.0"

is-core-module@^2.8.1:
  version "2.9.0"
  resolved "https://registry.yarnpkg.com/is-core-module/-/is-core-module-2.9.0.tgz#e1c34429cd51c6dd9e09e0799e396e27b19a9c69"
  integrity sha512-+5FPy5PnwmO3lvfMb0AsoPaBG+5KHUI0wYFXOtYPnVVVspTFUuMZNfNaNVRt3FZadstu2c8x23vykRW/NBoU6A==
  dependencies:
    has "^1.0.3"

is-module@^1.0.0:
  version "1.0.0"
  resolved "https://registry.yarnpkg.com/is-module/-/is-module-1.0.0.tgz#3258fb69f78c14d5b815d664336b4cffb6441591"
  integrity sha1-Mlj7afeMFNW4FdZkM2tM/7ZEFZE=

is-reference@^1.2.1:
  version "1.2.1"
  resolved "https://registry.yarnpkg.com/is-reference/-/is-reference-1.2.1.tgz#8b2dac0b371f4bc994fdeaba9eb542d03002d0b7"
  integrity sha512-U82MsXXiFIrjCK4otLT+o2NA2Cd2g5MLoOVXUZjIOhLurrRxpEXzI8O0KZHr3IjLvlAH1kTPYSuqer5T9ZVBKQ==
  dependencies:
    "@types/estree" "*"

joycon@^3.1.1:
  version "3.1.1"
  resolved "https://registry.yarnpkg.com/joycon/-/joycon-3.1.1.tgz#bce8596d6ae808f8b68168f5fc69280996894f03"
  integrity sha512-34wB/Y7MW7bzjKRjUKTa46I2Z7eV62Rkhva+KkopW7Qvv/OSWBqvkSY7vusOPrNuZcUG3tApvdVgNB8POj3SPw==

"js-tokens@^3.0.0 || ^4.0.0":
  version "4.0.0"
  resolved "https://registry.yarnpkg.com/js-tokens/-/js-tokens-4.0.0.tgz#19203fb59991df98e3a287050d4647cdeaf32499"
  integrity sha512-RdJUflcE3cUzKiMqQgsCu06FPu9UdIJO0beYbPhHN4k6apgJtifcoCtT9bcxOpYBtpD2kCM6Sbzg4CausW/PKQ==

jsonc-parser@^3.0.0:
  version "3.0.0"
  resolved "https://registry.yarnpkg.com/jsonc-parser/-/jsonc-parser-3.0.0.tgz#abdd785701c7e7eaca8a9ec8cf070ca51a745a22"
  integrity sha512-fQzRfAbIBnR0IQvftw9FJveWiHp72Fg20giDrHz6TdfB12UH/uue0D3hm57UB5KgAVuniLMCaS8P1IMj9NR7cA==

loose-envify@^1.1.0:
  version "1.4.0"
  resolved "https://registry.yarnpkg.com/loose-envify/-/loose-envify-1.4.0.tgz#71ee51fa7be4caec1a63839f7e682d8132d30caf"
  integrity sha512-lyuxPGr/Wfhrlem2CL/UcnUc1zcqKAImBDzukY7Y5F/yQiNdko6+fRLevlw1HgMySw7f611UIY408EtxRSoK3Q==
  dependencies:
    js-tokens "^3.0.0 || ^4.0.0"

lunr@^2.3.9:
  version "2.3.9"
  resolved "https://registry.yarnpkg.com/lunr/-/lunr-2.3.9.tgz#18b123142832337dd6e964df1a5a7707b25d35e1"
  integrity sha512-zTU3DaZaF3Rt9rhN3uBMGQD3dD2/vFQqnvZCDv4dl5iOzq2IZQqTxu90r4E5J+nP70J3ilqVCrbho2eWaeW8Ow==

magic-string@^0.25.7:
  version "0.25.9"
  resolved "https://registry.yarnpkg.com/magic-string/-/magic-string-0.25.9.tgz#de7f9faf91ef8a1c91d02c2e5314c8277dbcdd1c"
  integrity sha512-RmF0AsMzgt25qzqqLc1+MbHmhdx0ojF2Fvs4XnOqz2ZOBXzzkEwc/dJQZCYHAn7v1jbVOjAZfK8msRn4BxO4VQ==
  dependencies:
    sourcemap-codec "^1.4.8"

marked@^4.0.12:
  version "4.0.15"
  resolved "https://registry.yarnpkg.com/marked/-/marked-4.0.15.tgz#0216b7c9d5fcf6ac5042343c41d81a8b1b5e1b4a"
  integrity sha512-esX5lPdTfG4p8LDkv+obbRCyOKzB+820ZZyMOXJZygZBHrH9b3xXR64X4kT3sPe9Nx8qQXbmcz6kFSMt4Nfk6Q==

minimatch@^3.1.1:
  version "3.1.2"
  resolved "https://registry.yarnpkg.com/minimatch/-/minimatch-3.1.2.tgz#19cd194bfd3e428f049a70817c038d89ab4be35b"
  integrity sha512-J7p63hRiAjw1NDEww1W7i37+ByIrOWO5XQQAzZ3VOcL0PNybwpfmV/N05zFAzwQ9USyEcX6t3UO+K5aqBQOIHw==
  dependencies:
    brace-expansion "^1.1.7"

minimatch@^5.0.1:
  version "5.0.1"
  resolved "https://registry.yarnpkg.com/minimatch/-/minimatch-5.0.1.tgz#fb9022f7528125187c92bd9e9b6366be1cf3415b"
  integrity sha512-nLDxIFRyhDblz3qMuq+SoRZED4+miJ/G+tdDrjkkkRnjAsBexeGpgjLEQ0blJy7rHhR2b93rhQY4SvyWu9v03g==
  dependencies:
    brace-expansion "^2.0.1"

once@^1.3.0:
  version "1.4.0"
  resolved "https://registry.yarnpkg.com/once/-/once-1.4.0.tgz#583b1aa775961d4b113ac17d9c50baef9dd76bd1"
  integrity sha1-WDsap3WWHUsROsF9nFC6753Xa9E=
  dependencies:
    wrappy "1"

path-is-absolute@^1.0.0:
  version "1.0.1"
  resolved "https://registry.yarnpkg.com/path-is-absolute/-/path-is-absolute-1.0.1.tgz#174b9268735534ffbc7ace6bf53a5a9e1b5c5f5f"
  integrity sha1-F0uSaHNVNP+8es5r9TpanhtcX18=

path-parse@^1.0.7:
  version "1.0.7"
  resolved "https://registry.yarnpkg.com/path-parse/-/path-parse-1.0.7.tgz#fbc114b60ca42b30d9daf5858e4bd68bbedb6735"
  integrity sha512-LDJzPVEEEPR+y48z93A0Ed0yXb8pAByGWo/k5YYdYgpY2/2EsOsksJrq7lOHxryrVOn1ejG6oAp8ahvOIQD8sw==

picomatch@^2.2.2:
  version "2.3.1"
  resolved "https://registry.yarnpkg.com/picomatch/-/picomatch-2.3.1.tgz#3ba3833733646d9d3e4995946c1365a67fb07a42"
  integrity sha512-JU3teHTNjmE2VCGFzuY8EXzCDVwEqB2a8fsIvwaStHhAWJEeVd1o1QD80CU6+ZdEXXSLbSsuLwJjkCBWqRQUVA==

react-dom@^18.1.0:
  version "18.1.0"
  resolved "https://registry.yarnpkg.com/react-dom/-/react-dom-18.1.0.tgz#7f6dd84b706408adde05e1df575b3a024d7e8a2f"
  integrity sha512-fU1Txz7Budmvamp7bshe4Zi32d0ll7ect+ccxNu9FlObT605GOEB8BfO4tmRJ39R5Zj831VCpvQ05QPBW5yb+w==
  dependencies:
    loose-envify "^1.1.0"
    scheduler "^0.22.0"

react@^18.1.0:
  version "18.1.0"
  resolved "https://registry.yarnpkg.com/react/-/react-18.1.0.tgz#6f8620382decb17fdc5cc223a115e2adbf104890"
  integrity sha512-4oL8ivCz5ZEPyclFQXaNksK3adutVS8l2xzZU0cqEFrE9Sb7fC0EFK5uEk74wIreL1DERyjvsU915j1pcT2uEQ==
  dependencies:
    loose-envify "^1.1.0"

resolve@^1.17.0, resolve@^1.19.0:
  version "1.22.0"
  resolved "https://registry.yarnpkg.com/resolve/-/resolve-1.22.0.tgz#5e0b8c67c15df57a89bdbabe603a002f21731198"
  integrity sha512-Hhtrw0nLeSrFQ7phPp4OOcVjLPIeMnRlr5mcnVuMe7M/7eBn98A3hmFRLoFo3DLZkivSYwhRUJTyPyWAk56WLw==
  dependencies:
    is-core-module "^2.8.1"
    path-parse "^1.0.7"
    supports-preserve-symlinks-flag "^1.0.0"

rollup-plugin-swc3@^0.3.0:
  version "0.3.0"
  resolved "https://registry.yarnpkg.com/rollup-plugin-swc3/-/rollup-plugin-swc3-0.3.0.tgz#c0dc88aea4958a45d5fc8a8f2e2878b1031dabad"
  integrity sha512-ZQK2XxYxSspmT8j6/Y4CaxRxAlZHbNnxI+m+yJ5I87ZLp5uH7CYL4hFlJk1jkcZ+Q2QC19jIg7AClB/7+XFljw==
  dependencies:
    "@rollup/pluginutils" "^4.2.1"
    deepmerge "^4.2.2"
    joycon "^3.1.1"
    jsonc-parser "^3.0.0"
    typedoc "^0.22.15"

rollup-plugin-swc@^0.2.1:
  version "0.2.1"
  resolved "https://registry.yarnpkg.com/rollup-plugin-swc/-/rollup-plugin-swc-0.2.1.tgz#ae3fe17145808963d8d91bd06fcba0c7268c04c3"
  integrity sha512-wWRYt9tC0aIBvRQHNnVtwJ6DRPDj9XYpOAcOyFB11sKSkR/R+NAmbrjBACCPNVmZcxg6joV29wXgb5mU1DI7eA==
  dependencies:
    "@rollup/pluginutils" "^4.1.2"

rollup@^2.73.0:
  version "2.73.0"
  resolved "https://registry.yarnpkg.com/rollup/-/rollup-2.73.0.tgz#128fef4b333fd92d02d6929afbb6ee38d7feb32d"
  integrity sha512-h/UngC3S4Zt28mB3g0+2YCMegT5yoftnQplwzPqGZcKvlld5e+kT/QRmJiL+qxGyZKOYpgirWGdLyEO1b0dpLQ==
  optionalDependencies:
    fsevents "~2.3.2"

scheduler@^0.22.0:
  version "0.22.0"
  resolved "https://registry.yarnpkg.com/scheduler/-/scheduler-0.22.0.tgz#83a5d63594edf074add9a7198b1bae76c3db01b8"
  integrity sha512-6QAm1BgQI88NPYymgGQLCZgvep4FyePDWFpXVK+zNSUgHwlqpJy8VEh8Et0KxTACS4VWwMousBElAZOH9nkkoQ==
  dependencies:
    loose-envify "^1.1.0"

shiki@^0.10.1:
  version "0.10.1"
  resolved "https://registry.yarnpkg.com/shiki/-/shiki-0.10.1.tgz#6f9a16205a823b56c072d0f1a0bcd0f2646bef14"
  integrity sha512-VsY7QJVzU51j5o1+DguUd+6vmCmZ5v/6gYu4vyYAhzjuNQU6P/vmSy4uQaOhvje031qQMiW0d2BwgMH52vqMng==
  dependencies:
    jsonc-parser "^3.0.0"
    vscode-oniguruma "^1.6.1"
    vscode-textmate "5.2.0"

slash@^3.0.0:
  version "3.0.0"
  resolved "https://registry.yarnpkg.com/slash/-/slash-3.0.0.tgz#6539be870c165adbd5240220dbe361f1bc4d4634"
  integrity sha512-g9Q1haeby36OSStwb4ntCGGGaKsaVSjQ68fBxoQcutl5fS1vuY18H3wSt3jFyFtrkx+Kz0V1G85A4MyAdDMi2Q==

sourcemap-codec@^1.4.8:
  version "1.4.8"
  resolved "https://registry.yarnpkg.com/sourcemap-codec/-/sourcemap-codec-1.4.8.tgz#ea804bd94857402e6992d05a38ef1ae35a9ab4c4"
  integrity sha512-9NykojV5Uih4lgo5So5dtw+f0JgJX30KCNI8gwhz2J9A15wD0Ml6tjHKwf6fTSa6fAdVBdZeNOs9eJ71qCk8vA==

supports-preserve-symlinks-flag@^1.0.0:
  version "1.0.0"
  resolved "https://registry.yarnpkg.com/supports-preserve-symlinks-flag/-/supports-preserve-symlinks-flag-1.0.0.tgz#6eda4bd344a3c94aea376d4cc31bc77311039e09"
  integrity sha512-ot0WnXS9fgdkgIcePe6RHNk1WA8+muPa6cSjeR3V8K27q9BB1rTE3R1p7Hv0z1ZyAc8s6Vvv8DIyWf681MAt0w==

typedoc@^0.22.15:
  version "0.22.15"
  resolved "https://registry.yarnpkg.com/typedoc/-/typedoc-0.22.15.tgz#c6ad7ed9d017dc2c3a06c9189cb392bd8e2d8c3f"
  integrity sha512-CMd1lrqQbFvbx6S9G6fL4HKp3GoIuhujJReWqlIvSb2T26vGai+8Os3Mde7Pn832pXYemd9BMuuYWhFpL5st0Q==
  dependencies:
    glob "^7.2.0"
    lunr "^2.3.9"
    marked "^4.0.12"
    minimatch "^5.0.1"
    shiki "^0.10.1"

vscode-oniguruma@^1.6.1:
  version "1.6.2"
  resolved "https://registry.yarnpkg.com/vscode-oniguruma/-/vscode-oniguruma-1.6.2.tgz#aeb9771a2f1dbfc9083c8a7fdd9cccaa3f386607"
  integrity sha512-KH8+KKov5eS/9WhofZR8M8dMHWN2gTxjMsG4jd04YhpbPR91fUj7rYQ2/XjeHCJWbg7X++ApRIU9NUwM2vTvLA==

vscode-textmate@5.2.0:
  version "5.2.0"
  resolved "https://registry.yarnpkg.com/vscode-textmate/-/vscode-textmate-5.2.0.tgz#01f01760a391e8222fe4f33fbccbd1ad71aed74e"
  integrity sha512-Uw5ooOQxRASHgu6C7GVvUxisKXfSgW4oFlO+aa+PAkgmH89O3CXxEEzNRNtHSqtXFTl0nAC1uYj0GMSH27uwtQ==

wrappy@1:
  version "1.0.2"
  resolved "https://registry.yarnpkg.com/wrappy/-/wrappy-1.0.2.tgz#b5243d8f3ec1aa35f1364605bc0d1036e30ab69f"
  integrity sha1-tSQ9jz7BqjXxNkYFvA0QNuMKtp8=
